Microsoft Visual Studio Solution File, Format Version 12.00
# Visual Studio Version 17
VisualStudioVersion = 17.5.2.0
MinimumVisualStudioVersion = 10.0.40219.1
Project("{FAE04EC0-301F-11D3-BF4B-00C04F79EFBC}") = "RazoPages", "RazoPages.csproj", "{AC7C4A63-5A9B-AB55-3ECD-80B91764611E}"
EndProject
Global
	GlobalSection(SolutionConfigurationPlatforms) = preSolution
		Debug|Any CPU = Debug|Any CPU
		Release|Any CPU = Release|Any CPU
	EndGlobalSection
	GlobalSection(ProjectConfigurationPlatforms) = postSolution
		{AC7C4A63-5A9B-AB55-3ECD-80B91764611E}.Debug|Any CPU.ActiveCfg = Debug|Any CPU
		{AC7C4A63-5A9B-AB55-3ECD-80B91764611E}.Debug|Any CPU.Build.0 = Debug|Any CPU
		{AC7C4A63-5A9B-AB55-3ECD-80B91764611E}.Release|Any CPU.ActiveCfg = Release|Any CPU
		{AC7C4A63-5A9B-AB55-3ECD-80B91764611E}.Release|Any CPU.Build.0 = Release|Any CPU
	EndGlobalSection
	GlobalSection(SolutionProperties) = preSolution
		HideSolutionNode = FALSE
	EndGlobalSection
	GlobalSection(ExtensibilityGlobals) = postSolution
		SolutionGuid = {731ACC17-3AFA-41C5-B3A1-D92FA2E13A68}
	EndGlobalSection
EndGlobal
